// !$*UTF8*$!
{
	archiveVersion = 1;
	classes = {
	};
	objectVersion = 77;
	objects = {

/* Begin PBXContainerItemProxy section */
		F9EA06012ED0A2B7002E5F4E /* PBXContainerItemProxy */ = {
			isa = PBXContainerItemProxy;
			containerPortal = F9EA05EB2ED0A2B1002E5F4E /* Project object */;
			proxyType = 1;
			remoteGlobalIDString = F9EA05F22ED0A2B1002E5F4E;
			remoteInfo = TakeHome2_TaskManager;
		};
		F9EA060B2ED0A2B7002E5F4E /* PBXContainerItemProxy */ = {
			isa = PBXContainerItemProxy;
			containerPortal = F9EA05EB2ED0A2B1002E5F4E /* Project object */;
			proxyType = 1;
			remoteGlobalIDString = F9EA05F22ED0A2B1002E5F4E;
			remoteInfo = TakeHome2_TaskManager;
		};
/* End PBXContainerItemProxy section */

/* Begin PBXFileReference section */
		F9EA05F32ED0A2B1002E5F4E /* TakeHome2_TaskManager.app */ = {isa = PBXFileReference; explicitFileType = wrapper.application; includeInIndex = 0; path = TakeHome2_TaskManager.app; sourceTree = BUILT_PRODUCTS_DIR; };
		F9EA06002ED0A2B7002E5F4E /* TakeHome2_TaskManagerTests.xctest */ = {isa = PBXFileReference; explicitFileType = wrapper.cfbundle; includeInIndex = 0; path = TakeHome2_TaskManagerTests.xctest; sourceTree = BUILT_PRODUCTS_DIR; };
		F9EA060A2ED0A2B7002E5F4E /* TakeHome2_TaskManagerUITests.xctest */ = {isa = PBXFileReference; explicitFileType = wrapper.cfbundle; includeInIndex = 0; path = TakeHome2_TaskManagerUITests.xctest; sourceTree = BUILT_PRODUCTS_DIR; };
/* End PBXFileReference section */

/* Begin PBXFileSystemSynchronizedRootGroup section */
		F9EA05F52ED0A2B1002E5F4E /* TakeHome2_TaskManager */ = {
			isa = PBXFileSystemSynchronizedRootGroup;
			path = TakeHome2_TaskManager;
			sourceTree = "<group>";
		};
		F9EA06032ED0A2B7002E5F4E /* TakeHome2_TaskManagerTests */ = {
			isa = PBXFileSystemSynchronizedRootGroup;
			path = TakeHome2_TaskManagerTests;
			sourceTree = "<group>";
		};
		F9EA060D2ED0A2B7002E5F4E /* TakeHome2_TaskManagerUITests */ = {
			isa = PBXFileSystemSynchronizedRootGroup;
			path = TakeHome2_TaskManagerUITests;
			sourceTree = "<group>";
		};
/* End PBXFileSystemSynchronizedRootGroup section */

/* Begin PBXFrameworksBuildPhase section */
		F9EA05F02ED0A2B1002E5F4E /* Frameworks */ = {
			isa = PBXFrameworksBuildPhase;
			buildActionMask = 2147483647;
			files = (
			);
			runOnlyForDeploymentPostprocessing = 0;
		};
		F9EA05FD2ED0A2B7002E5F4E /* Frameworks */ = {
			isa = PBXFrameworksBuildPhase;
			buildActionMask = 2147483647;
			files = (
			);
			runOnlyForDeploymentPostprocessing = 0;
		};
		F9EA06072ED0A2B7002E5F4E /* Frameworks */ = {
			isa = PBXFrameworksBuildPhase;
			buildActionMask = 2147483647;
			files = (
			);
			runOnlyForDeploymentPostprocessing = 0;
		};
/* End PBXFrameworksBuildPhase section */

/* Begin PBXGroup section */
		F9EA05EA2ED0A2B1002E5F4E = {
			isa = PBXGroup;
			children = (
				F9EA05F52ED0A2B1002E5F4E /* TakeHome2_TaskManager */,
				F9EA06032ED0A2B7002E5F4E /* TakeHome2_TaskManagerTests */,
				F9EA060D2ED0A2B7002E5F4E /* TakeHome2_TaskManagerUITests */,
				F9EA05F42ED0A2B1002E5F4E /* Products */,
			);
			sourceTree = "<group>";
		};
		F9EA05F42ED0A2B1002E5F4E /* Products */ = {
			isa = PBXGroup;
			children = (
				F9EA05F32ED0A2B1002E5F4E /* TakeHome2_TaskManager.app */,
				F9EA06002ED0A2B7002E5F4E /* TakeHome2_TaskManagerTests.xctest */,
				F9EA060A2ED0A2B7002E5F4E /* TakeHome2_TaskManagerUITests.xctest */,
			);
			name = Products;
			sourceTree = "<group>";
		};
/* End PBXGroup section */

/* Begin PBXNativeTarget section */
		F9EA05F22ED0A2B1002E5F4E /* TakeHome2_TaskManager */ = {
			isa = PBXNativeTarget;
			buildConfigurationList = F9EA06142ED0A2B7002E5F4E /* Build configuration list for PBXNativeTarget "TakeHome2_TaskManager" */;
			buildPhases = (
				F9EA05EF2ED0A2B1002E5F4E /* Sources */,
				F9EA05F02ED0A2B1002E5F4E /* Frameworks */,
				F9EA05F12ED0A2B1002E5F4E /* Resources */,
			);
			buildRules = (
			);
			dependencies = (
			);
			fileSystemSynchronizedGroups = (
				F9EA05F52ED0A2B1002E5F4E /* TakeHome2_TaskManager */,
			);
			name = TakeHome2_TaskManager;
			packageProductDependencies = (
			);
			productName = TakeHome2_TaskManager;
			productReference = F9EA05F32ED0A2B1002E5F4E /* TakeHome2_TaskManager.app */;
			productType = "com.apple.product-type.application";
		};
		F9EA05FF2ED0A2B7002E5F4E /* TakeHome2_TaskManagerTests */ = {
			isa = PBXNativeTarget;
			buildConfigurationList = F9EA06172ED0A2B7002E5F4E /* Build configuration list for PBXNativeTarget "TakeHome2_TaskManagerTests" */;
			buildPhases = (
				F9EA05FC2ED0A2B7002E5F4E /* Sources */,
				F9EA05FD2ED0A2B7002E5F4E /* Frameworks */,
				F9EA05FE2ED0A2B7002E5F4E /* Resources */,
			);
			buildRules = (
			);
			dependencies = (
				F9EA06022ED0A2B7002E5F4E /* PBXTargetDependency */,
			);
			fileSystemSynchronizedGroups = (
				F9EA06032ED0A2B7002E5F4E /* TakeHome2_TaskManagerTests */,
			);
			name = TakeHome2_TaskManagerTests;
			packageProductDependencies = (
			);
			productName = TakeHome2_TaskManagerTests;
			productReference = F9EA06002ED0A2B7002E5F4E /* TakeHome2_TaskManagerTests.xctest */;
			productType = "com.apple.product-type.bundle.unit-test";
		};
		F9EA06092ED0A2B7002E5F4E /* TakeHome2_TaskManagerUITests */ = {
			isa = PBXNativeTarget;
			buildConfigurationList = F9EA061A2ED0A2B7002E5F4E /* Build configuration list for PBXNativeTarget "TakeHome2_TaskManagerUITests" */;
			buildPhases = (
				F9EA06062ED0A2B7002E5F4E /* Sources */,
				F9EA06072ED0A2B7002E5F4E /* Frameworks */,
				F9EA06082ED0A2B7002E5F4E /* Resources */,
			);
			buildRules = (
			);
			dependencies = (
				F9EA060C2ED0A2B7002E5F4E /* PBXTargetDependency */,
			);
			fileSystemSynchronizedGroups = (
				F9EA060D2ED0A2B7002E5F4E /* TakeHome2_TaskManagerUITests */,
			);
			name = TakeHome2_TaskManagerUITests;
			packageProductDependencies = (
			);
			productName = TakeHome2_TaskManagerUITests;
			productReference = F9EA060A2ED0A2B7002E5F4E /* TakeHome2_TaskManagerUITests.xctest */;
			productType = "com.apple.product-type.bundle.ui-testing";
		};
/* End PBXNativeTarget section */

/* Begin PBXProject section */
		F9EA05EB2ED0A2B1002E5F4E /* Project object */ = {
			isa = PBXProject;
			attributes = {
				BuildIndependentTargetsInParallel = 1;
				LastSwiftUpdateCheck = 2610;
				LastUpgradeCheck = 2610;
				TargetAttributes = {
					F9EA05F22ED0A2B1002E5F4E = {
						CreatedOnToolsVersion = 26.1.1;
					};
					F9EA05FF2ED0A2B7002E5F4E = {
						CreatedOnToolsVersion = 26.1.1;
						TestTargetID = F9EA05F22ED0A2B1002E5F4E;
					};
					F9EA06092ED0A2B7002E5F4E = {
						CreatedOnToolsVersion = 26.1.1;
						TestTargetID = F9EA05F22ED0A2B1002E5F4E;
					};
				};
			};
			buildConfigurationList = F9EA05EE2ED0A2B1002E5F4E /* Build configuration list for PBXProject "TakeHome2_TaskManager" */;
			developmentRegion = en;
			hasScannedForEncodings = 0;
			knownRegions = (
				en,
				Base,
			);
			mainGroup = F9EA05EA2ED0A2B1002E5F4E;
			minimizedProjectReferenceProxies = 1;
			preferredProjectObjectVersion = 77;
			productRefGroup = F9EA05F42ED0A2B1002E5F4E /* Products */;
			projectDirPath = "";
			projectRoot = "";
			targets = (
				F9EA05F22ED0A2B1002E5F4E /* TakeHome2_TaskManager */,
				F9EA05FF2ED0A2B7002E5F4E /* TakeHome2_TaskManagerTests */,
				F9EA06092ED0A2B7002E5F4E /* TakeHome2_TaskManagerUITests */,
			);
		};
/* End PBXProject section */

/* Begin PBXResourcesBuildPhase section */
		F9EA05F12ED0A2B1002E5F4E /* Resources */ = {
			isa = PBXResourcesBuildPhase;
			buildActionMask = 2147483647;
			files = (
			);
			runOnlyForDeploymentPostprocessing = 0;
		};
		F9EA05FE2ED0A2B7002E5F4E /* Resources */ = {
			isa = PBXResourcesBuildPhase;
			buildActionMask = 2147483647;
			files = (
			);
			runOnlyForDeploymentPostprocessing = 0;
		};
		F9EA06082ED0A2B7002E5F4E /* Resources */ = {
			isa = PBXResourcesBuildPhase;
			buildActionMask = 2147483647;
			files = (
			);
			runOnlyForDeploymentPostprocessing = 0;
		};
/* End PBXResourcesBuildPhase section */

/* Begin PBXSourcesBuildPhase section */
		F9EA05EF2ED0A2B1002E5F4E /* Sources */ = {
			isa = PBXSourcesBuildPhase;
			buildActionMask = 2147483647;
			files = (
			);
			runOnlyForDeploymentPostprocessing = 0;
		};
		F9EA05FC2ED0A2B7002E5F4E /* Sources */ = {
			isa = PBXSourcesBuildPhase;
			buildActionMask = 2147483647;
			files = (
			);
			runOnlyForDeploymentPostprocessing = 0;
		};
		F9EA06062ED0A2B7002E5F4E /* Sources */ = {
			isa = PBXSourcesBuildPhase;
			buildActionMask = 2147483647;
			files = (
			);
			runOnlyForDeploymentPostprocessing = 0;
		};
/* End PBXSourcesBuildPhase section */

/* Begin PBXTargetDependency section */
		F9EA06022ED0A2B7002E5F4E /* PBXTargetDependency */ = {
			isa = PBXTargetDependency;
			target = F9EA05F22ED0A2B1002E5F4E /* TakeHome2_TaskManager */;
			targetProxy = F9EA06012ED0A2B7002E5F4E /* PBXContainerItemProxy */;
		};
		F9EA060C2ED0A2B7002E5F4E /* PBXTargetDependency */ = {
			isa = PBXTargetDependency;
			target = F9EA05F22ED0A2B1002E5F4E /* TakeHome2_TaskManager */;
			targetProxy = F9EA060B2ED0A2B7002E5F4E /* PBXContainerItemProxy */;
		};
/* End PBXTargetDependency section */

/* Begin XCBuildConfiguration section */
		F9EA06122ED0A2B7002E5F4E /* Debug */ = {
			isa = XCBuildConfiguration;
			buildSettings = {
				ALWAYS_SEARCH_USER_PATHS = NO;
				ASSETCATALOG_COMPILER_GENERATE_SWIFT_ASSET_SYMBOL_EXTENSIONS = YES;
				CLANG_ANALYZER_NONNULL = YES;
				CLANG_ANALYZER_NUMBER_OBJECT_CONVERSION = YES_AGGRESSIVE;
				CLANG_CXX_LANGUAGE_STANDARD = "gnu++20";
				CLANG_ENABLE_MODULES = YES;
				CLANG_ENABLE_OBJC_ARC = YES;
				CLANG_ENABLE_OBJC_WEAK = YES;
				CLANG_WARN_BLOCK_CAPTURE_AUTORELEASING = YES;
				CLANG_WARN_BOOL_CONVERSION = YES;
				CLANG_WARN_COMMA = YES;
				CLANG_WARN_CONSTANT_CONVERSION = YES;
				CLANG_WARN_DEPRECATED_OBJC_IMPLEMENTATIONS = YES;
				CLANG_WARN_DIRECT_OBJC_ISA_USAGE = YES_ERROR;
				CLANG_WARN_DOCUMENTATION_COMMENTS = YES;
				CLANG_WARN_EMPTY_BODY = YES;
				CLANG_WARN_ENUM_CONVERSION = YES;
				CLANG_WARN_INFINITE_RECURSION = YES;
				CLANG_WARN_INT_CONVERSION = YES;
				CLANG_WARN_NON_LITERAL_NULL_CONVERSION = YES;
				CLANG_WARN_OBJC_IMPLICIT_RETAIN_SELF = YES;
				CLANG_WARN_OBJC_LITERAL_CONVERSION = YES;
				CLANG_WARN_OBJC_ROOT_CLASS = YES_ERROR;
				CLANG_WARN_QUOTED_INCLUDE_IN_FRAMEWORK_HEADER = YES;
				CLANG_WARN_RANGE_LOOP_ANALYSIS = YES;
				CLANG_WARN_STRICT_PROTOTYPES = YES;
				CLANG_WARN_SUSPICIOUS_MOVE = YES;
				CLANG_WARN_UNGUARDED_AVAILABILITY = YES_AGGRESSIVE;
				CLANG_WARN_UNREACHABLE_CODE = YES;
				CLANG_WARN__DUPLICATE_METHOD_MATCH = YES;
				COPY_PHASE_STRIP = NO;
				DEBUG_INFORMATION_FORMAT = dwarf;
				ENABLE_STRICT_OBJC_MSGSEND = YES;
				ENABLE_TESTABILITY = YES;
				ENABLE_USER_SCRIPT_SANDBOXING = YES;
				GCC_C_LANGUAGE_STANDARD = gnu17;
				GCC_DYNAMIC_NO_PIC = NO;
				GCC_NO_COMMON_BLOCKS = YES;
				GCC_OPTIMIZATION_LEVEL = 0;
				GCC_PREPROCESSOR_DEFINITIONS = (
					"DEBUG=1",
					"$(inherited)",
				);
				GCC_WARN_64_TO_32_BIT_CONVERSION = YES;
				GCC_WARN_ABOUT_RETURN_TYPE = YES_ERROR;
				GCC_WARN_UNDECLARED_SELECTOR = YES;
				GCC_WARN_UNINITIALIZED_AUTOS = YES_AGGRESSIVE;
				GCC_WARN_UNUSED_FUNCTION = YES;
				GCC_WARN_UNUSED_VARIABLE = YES;
				IPHONEOS_DEPLOYMENT_TARGET = 26.1;
				LOCALIZATION_PREFERS_STRING_CATALOGS = YES;
				MTL_ENABLE_DEBUG_INFO = INCLUDE_SOURCE;
				MTL_FAST_MATH = YES;
				ONLY_ACTIVE_ARCH = YES;
				SDKROOT = iphoneos;
				SWIFT_ACTIVE_COMPILATION_CONDITIONS = "DEBUG $(inherited)";
				SWIFT_OPTIMIZATION_LEVEL = "-Onone";
			};
			name = Debug;
		};
		F9EA06132ED0A2B7002E5F4E /* Release */ = {
			isa = XCBuildConfiguration;
			buildSettings = {
				ALWAYS_SEARCH_USER_PATHS = NO;
				ASSETCATALOG_COMPILER_GENERATE_SWIFT_ASSET_SYMBOL_EXTENSIONS = YES;
				CLANG_ANALYZER_NONNULL = YES;
				CLANG_ANALYZER_NUMBER_OBJECT_CONVERSION = YES_AGGRESSIVE;
				CLANG_CXX_LANGUAGE_STANDARD = "gnu++20";
				CLANG_ENABLE_MODULES = YES;
				CLANG_ENABLE_OBJC_ARC = YES;
				CLANG_ENABLE_OBJC_WEAK = YES;
				CLANG_WARN_BLOCK_CAPTURE_AUTORELEASING = YES;
				CLANG_WARN_BOOL_CONVERSION = YES;
				CLANG_WARN_COMMA = YES;
				CLANG_WARN_CONSTANT_CONVERSION = YES;
				CLANG_WARN_DEPRECATED_OBJC_IMPLEMENTATIONS = YES;
				CLANG_WARN_DIRECT_OBJC_ISA_USAGE = YES_ERROR;
				CLANG_WARN_DOCUMENTATION_COMMENTS = YES;
				CLANG_WARN_EMPTY_BODY = YES;
				CLANG_WARN_ENUM_CONVERSION = YES;
				CLANG_WARN_INFINITE_RECURSION = YES;
				CLANG_WARN_INT_CONVERSION = YES;
				CLANG_WARN_NON_LITERAL_NULL_CONVERSION = YES;
				CLANG_WARN_OBJC_IMPLICIT_RETAIN_SELF = YES;
				CLANG_WARN_OBJC_LITERAL_CONVERSION = YES;
				CLANG_WARN_OBJC_ROOT_CLASS = YES_ERROR;
				CLANG_WARN_QUOTED_INCLUDE_IN_FRAMEWORK_HEADER = YES;
				CLANG_WARN_RANGE_LOOP_ANALYSIS = YES;
				CLANG_WARN_STRICT_PROTOTYPES = YES;
				CLANG_WARN_SUSPICIOUS_MOVE = YES;
				CLANG_WARN_UNGUARDED_AVAILABILITY = YES_AGGRESSIVE;
				CLANG_WARN_UNREACHABLE_CODE = YES;
				CLANG_WARN__DUPLICATE_METHOD_MATCH = YES;
				COPY_PHASE_STRIP = NO;
				DEBUG_INFORMATION_FORMAT = "dwarf-with-dsym";
				ENABLE_NS_ASSERTIONS = NO;
				ENABLE_STRICT_OBJC_MSGSEND = YES;
				ENABLE_USER_SCRIPT_SANDBOXING = YES;
				GCC_C_LANGUAGE_STANDARD = gnu17;
				GCC_NO_COMMON_BLOCKS = YES;
				GCC_WARN_64_TO_32_BIT_CONVERSION = YES;
				GCC_WARN_ABOUT_RETURN_TYPE = YES_ERROR;
				GCC_WARN_UNDECLARED_SELECTOR = YES;
				GCC_WARN_UNINITIALIZED_AUTOS = YES_AGGRESSIVE;
				GCC_WARN_UNUSED_FUNCTION = YES;
				GCC_WARN_UNUSED_VARIABLE = YES;
				IPHONEOS_DEPLOYMENT_TARGET = 26.1;
				LOCALIZATION_PREFERS_STRING_CATALOGS = YES;
				MTL_ENABLE_DEBUG_INFO = NO;
				MTL_FAST_MATH = YES;
				SDKROOT = iphoneos;
				SWIFT_COMPILATION_MODE = wholemodule;
				VALIDATE_PRODUCT = YES;
			};
			name = Release;
		};
		F9EA06152ED0A2B7002E5F4E /* Debug */ = {
			isa = XCBuildConfiguration;
			buildSettings = {
				ASSETCATALOG_COMPILER_APPICON_NAME = AppIcon;
				ASSETCATALOG_COMPILER_GLOBAL_ACCENT_COLOR_NAME = AccentColor;
				CODE_SIGN_STYLE = Automatic;
				CURRENT_PROJECT_VERSION = 1;
				ENABLE_PREVIEWS = YES;
				GENERATE_INFOPLIST_FILE = YES;
				INFOPLIST_KEY_UIApplicationSceneManifest_Generation = YES;
				INFOPLIST_KEY_UIApplicationSupportsIndirectInputEvents = YES;
				INFOPLIST_KEY_UILaunchScreen_Generation = YES;
				INFOPLIST_KEY_UISupportedInterfaceOrientations_iPad = "UIInterfaceOrientationPortrait UIInterfaceOrientationPortraitUpsideDown UIInterfaceOrientationLandscapeLeft UIInterfaceOrientationLandscapeRight";
				INFOPLIST_KEY_UISupportedInterfaceOrientations_iPhone = "UIInterfaceOrientationPortrait UIInterfaceOrientationLandscapeLeft UIInterfaceOrientationLandscapeRight";
				LD_RUNPATH_SEARCH_PATHS = (
					"$(inherited)",
					"@executable_path/Frameworks",
				);
				MARKETING_VERSION = 1.0;
				PRODUCT_BUNDLE_IDENTIFIER = "acb.TakeHome2-TaskManager";
				PRODUCT_NAME = "$(TARGET_NAME)";
				STRING_CATALOG_GENERATE_SYMBOLS = YES;
				SWIFT_APPROACHABLE_CONCURRENCY = YES;
				SWIFT_DEFAULT_ACTOR_ISOLATION = MainActor;
				SWIFT_EMIT_LOC_STRINGS = YES;
				SWIFT_UPCOMING_FEATURE_MEMBER_IMPORT_VISIBILITY = YES;
				SWIFT_VERSION = 5.0;
				TARGETED_DEVICE_FAMILY = "1,2";
			};
			name = Debug;
		};
		F9EA06162ED0A2B7002E5F4E /* Release */ = {
			isa = XCBuildConfiguration;
			buildSettings = {
				ASSETCATALOG_COMPILER_APPICON_NAME = AppIcon;
				ASSETCATALOG_COMPILER_GLOBAL_ACCENT_COLOR_NAME = AccentColor;
				CODE_SIGN_STYLE = Automatic;
				CURRENT_PROJECT_VERSION = 1;
				ENABLE_PREVIEWS = YES;
				GENERATE_INFOPLIST_FILE = YES;
				INFOPLIST_KEY_UIApplicationSceneManifest_Generation = YES;
				INFOPLIST_KEY_UIApplicationSupportsIndirectInputEvents = YES;
				INFOPLIST_KEY_UILaunchScreen_Generation = YES;
				INFOPLIST_KEY_UISupportedInterfaceOrientations_iPad = "UIInterfaceOrientationPortrait UIInterfaceOrientationPortraitUpsideDown UIInterfaceOrientationLandscapeLeft UIInterfaceOrientationLandscapeRight";
				INFOPLIST_KEY_UISupportedInterfaceOrientations_iPhone = "UIInterfaceOrientationPortrait UIInterfaceOrientationLandscapeLeft UIInterfaceOrientationLandscapeRight";
				LD_RUNPATH_SEARCH_PATHS = (
					"$(inherited)",
					"@executable_path/Frameworks",
				);
				MARKETING_VERSION = 1.0;
				PRODUCT_BUNDLE_IDENTIFIER = "acb.TakeHome2-TaskManager";
				PRODUCT_NAME = "$(TARGET_NAME)";
				STRING_CATALOG_GENERATE_SYMBOLS = YES;
				SWIFT_APPROACHABLE_CONCURRENCY = YES;
				SWIFT_DEFAULT_ACTOR_ISOLATION = MainActor;
				SWIFT_EMIT_LOC_STRINGS = YES;
				SWIFT_UPCOMING_FEATURE_MEMBER_IMPORT_VISIBILITY = YES;
				SWIFT_VERSION = 5.0;
				TARGETED_DEVICE_FAMILY = "1,2";
			};
			name = Release;
		};
		F9EA06182ED0A2B7002E5F4E /* Debug */ = {
			isa = XCBuildConfiguration;
			buildSettings = {
				BUNDLE_LOADER = "$(TEST_HOST)";
				CODE_SIGN_STYLE = Automatic;
				CURRENT_PROJECT_VERSION = 1;
				GENERATE_INFOPLIST_FILE = YES;
				IPHONEOS_DEPLOYMENT_TARGET = 26.1;
				MARKETING_VERSION = 1.0;
				PRODUCT_BUNDLE_IDENTIFIER = "acb.TakeHome2-TaskManagerTests";
				PRODUCT_NAME = "$(TARGET_NAME)";
				STRING_CATALOG_GENERATE_SYMBOLS = NO;
				SWIFT_APPROACHABLE_CONCURRENCY = YES;
				SWIFT_EMIT_LOC_STRINGS = NO;
				SWIFT_UPCOMING_FEATURE_MEMBER_IMPORT_VISIBILITY = YES;
				SWIFT_VERSION = 5.0;
				TARGETED_DEVICE_FAMILY = "1,2";
				TEST_HOST = "$(BUILT_PRODUCTS_DIR)/TakeHome2_TaskManager.app/$(BUNDLE_EXECUTABLE_FOLDER_PATH)/TakeHome2_TaskManager";
			};
			name = Debug;
		};
		F9EA06192ED0A2B7002E5F4E /* Release */ = {
			isa = XCBuildConfiguration;
			buildSettings = {
				BUNDLE_LOADER = "$(TEST_HOST)";
				CODE_SIGN_STYLE = Automatic;
				CURRENT_PROJECT_VERSION = 1;
				GENERATE_INFOPLIST_FILE = YES;
				IPHONEOS_DEPLOYMENT_TARGET = 26.1;
				MARKETING_VERSION = 1.0;
				PRODUCT_BUNDLE_IDENTIFIER = "acb.TakeHome2-TaskManagerTests";
				PRODUCT_NAME = "$(TARGET_NAME)";
				STRING_CATALOG_GENERATE_SYMBOLS = NO;
				SWIFT_APPROACHABLE_CONCURRENCY = YES;
				SWIFT_EMIT_LOC_STRINGS = NO;
				SWIFT_UPCOMING_FEATURE_MEMBER_IMPORT_VISIBILITY = YES;
				SWIFT_VERSION = 5.0;
				TARGETED_DEVICE_FAMILY = "1,2";
				TEST_HOST = "$(BUILT_PRODUCTS_DIR)/TakeHome2_TaskManager.app/$(BUNDLE_EXECUTABLE_FOLDER_PATH)/TakeHome2_TaskManager";
			};
			name = Release;
		};
		F9EA061B2ED0A2B7002E5F4E /* Debug */ = {
			isa = XCBuildConfiguration;
			buildSettings = {
				CODE_SIGN_STYLE = Automatic;
				CURRENT_PROJECT_VERSION = 1;
				GENERATE_INFOPLIST_FILE = YES;
				MARKETING_VERSION = 1.0;
				PRODUCT_BUNDLE_IDENTIFIER = "acb.TakeHome2-TaskManagerUITests";
				PRODUCT_NAME = "$(TARGET_NAME)";
				STRING_CATALOG_GENERATE_SYMBOLS = NO;
				SWIFT_APPROACHABLE_CONCURRENCY = YES;
				SWIFT_EMIT_LOC_STRINGS = NO;
				SWIFT_UPCOMING_FEATURE_MEMBER_IMPORT_VISIBILITY = YES;
				SWIFT_VERSION = 5.0;
				TARGETED_DEVICE_FAMILY = "1,2";
				TEST_TARGET_NAME = TakeHome2_TaskManager;
			};
			name = Debug;
		};
		F9EA061C2ED0A2B7002E5F4E /* Release */ = {
			isa = XCBuildConfiguration;
			buildSettings = {
				CODE_SIGN_STYLE = Automatic;
				CURRENT_PROJECT_VERSION = 1;
				GENERATE_INFOPLIST_FILE = YES;
				MARKETING_VERSION = 1.0;
				PRODUCT_BUNDLE_IDENTIFIER = "acb.TakeHome2-TaskManagerUITests";
				PRODUCT_NAME = "$(TARGET_NAME)";
				STRING_CATALOG_GENERATE_SYMBOLS = NO;
				SWIFT_APPROACHABLE_CONCURRENCY = YES;
				SWIFT_EMIT_LOC_STRINGS = NO;
				SWIFT_UPCOMING_FEATURE_MEMBER_IMPORT_VISIBILITY = YES;
				SWIFT_VERSION = 5.0;
				TARGETED_DEVICE_FAMILY = "1,2";
				TEST_TARGET_NAME = TakeHome2_TaskManager;
			};
			name = Release;
		};
/* End XCBuildConfiguration section */

/* Begin XCConfigurationList section */
		F9EA05EE2ED0A2B1002E5F4E /* Build configuration list for PBXProject "TakeHome2_TaskManager" */ = {
			isa = XCConfigurationList;
			buildConfigurations = (
				F9EA06122ED0A2B7002E5F4E /* Debug */,
				F9EA06132ED0A2B7002E5F4E /* Release */,
			);
			defaultConfigurationIsVisible = 0;
			defaultConfigurationName = Release;
		};
		F9EA06142ED0A2B7002E5F4E /* Build configuration list for PBXNativeTarget "TakeHome2_TaskManager" */ = {
			isa = XCConfigurationList;
			buildConfigurations = (
				F9EA06152ED0A2B7002E5F4E /* Debug */,
				F9EA06162ED0A2B7002E5F4E /* Release */,
			);
			defaultConfigurationIsVisible = 0;
			defaultConfigurationName = Release;
		};
		F9EA06172ED0A2B7002E5F4E /* Build configuration list for PBXNativeTarget "TakeHome2_TaskManagerTests" */ = {
			isa = XCConfigurationList;
			buildConfigurations = (
				F9EA06182ED0A2B7002E5F4E /* Debug */,
				F9EA06192ED0A2B7002E5F4E /* Release */,
			);
			defaultConfigurationIsVisible = 0;
			defaultConfigurationName = Release;
		};
		F9EA061A2ED0A2B7002E5F4E /* Build configuration list for PBXNativeTarget "TakeHome2_TaskManagerUITests" */ = {
			isa = XCConfigurationList;
			buildConfigurations = (
				F9EA061B2ED0A2B7002E5F4E /* Debug */,
				F9EA061C2ED0A2B7002E5F4E /* Release */,
			);
			defaultConfigurationIsVisible = 0;
			defaultConfigurationName = Release;
		};
/* End XCConfigurationList section */
	};
	rootObject = F9EA05EB2ED0A2B1002E5F4E /* Project object */;
}
